{
  "projects": [
    {
      "projectId": "4jNtNf7ennmHcnVPPcPauY",
      "version": "latest",
      "dependencies": {
        "caTPwKxj5ZrD9LQ7DMdK4Z": "3.47.0"
      },
      "lang": "ts",
      "fileLocks": [
        {
          "type": "globalVariant",
          "assetId": "qiMSNbpoGiE9",
          "checksum": "0a554f5b2641bb135bacf195eeefbeb0"
        },
        {
          "assetId": "4jNtNf7ennmHcnVPPcPauY",
          "checksum": "68fb64d6d80945fab600604a5093490a",
          "type": "projectModule"
        },
        {
          "assetId": "4jNtNf7ennmHcnVPPcPauY",
          "checksum": "9c9d8257eaa4114ae9209c4f2fc98327",
          "type": "styleTokensProvider"
        },
        {
          "type": "renderModule",
          "assetId": "vpVHI2O2CRUx",
          "checksum": "2b23cc1d821e8405fda44c074e6e49da"
        },
        {
          "type": "cssRules",
          "assetId": "vpVHI2O2CRUx",
          "checksum": "2b23cc1d821e8405fda44c074e6e49da"
        },
        {
          "type": "renderModule",
          "assetId": "8MpFhDHD96MB",
          "checksum": "48f4756e3962c418f5dd98a8c33c4f42"
        },
        {
          "type": "cssRules",
          "assetId": "8MpFhDHD96MB",
          "checksum": "48f4756e3962c418f5dd98a8c33c4f42"
        },
        {
          "type": "renderModule",
          "assetId": "uogUMQBXCRRV",
          "checksum": "5f92f6ca996f4354f595097a227f64aa"
        },
        {
          "type": "cssRules",
          "assetId": "uogUMQBXCRRV",
          "checksum": "5f92f6ca996f4354f595097a227f64aa"
        },
        {
          "type": "renderModule",
          "assetId": "fBRhan40XBYT",
          "checksum": "4556ef0d76a47c785db4659972fe0755"
        },
        {
          "type": "cssRules",
          "assetId": "fBRhan40XBYT",
          "checksum": "4556ef0d76a47c785db4659972fe0755"
        },
        {
          "type": "renderModule",
          "assetId": "4lO7SXttxyIT",
          "checksum": "505d5ff218fd116939a4e4d8fc4f4a62"
        },
        {
          "type": "cssRules",
          "assetId": "4lO7SXttxyIT",
          "checksum": "505d5ff218fd116939a4e4d8fc4f4a62"
        },
        {
          "type": "renderModule",
          "assetId": "32hGVgiLB7NT",
          "checksum": "883e0f6b2c1f0fa71645e04512fe7b04"
        },
        {
          "type": "cssRules",
          "assetId": "32hGVgiLB7NT",
          "checksum": "883e0f6b2c1f0fa71645e04512fe7b04"
        },
        {
          "type": "renderModule",
          "assetId": "El0mv80Cdurv",
          "checksum": "a1d036165bbb12f9a349104b367d52a4"
        },
        {
          "type": "cssRules",
          "assetId": "El0mv80Cdurv",
          "checksum": "a1d036165bbb12f9a349104b367d52a4"
        },
        {
          "type": "renderModule",
          "assetId": "vaodl733Yf-C",
          "checksum": "b7ffb2292a04aee0ee7669982d7dd19b"
        },
        {
          "type": "cssRules",
          "assetId": "vaodl733Yf-C",
          "checksum": "b7ffb2292a04aee0ee7669982d7dd19b"
        },
        {
          "type": "renderModule",
          "assetId": "lXMRAHw96I_T",
          "checksum": "15efd15f7877930c60c915aa8805f8e8"
        },
        {
          "type": "cssRules",
          "assetId": "lXMRAHw96I_T",
          "checksum": "15efd15f7877930c60c915aa8805f8e8"
        },
        {
          "type": "icon",
          "assetId": "582rzEIEG-6Y",
          "checksum": "b0856fbab1974d32955bf0af858085d1"
        },
        {
          "type": "icon",
          "assetId": "S_xim19dJ6XI",
          "checksum": "8f7e2744120c3cdd66dfe739c9f8f595"
        },
        {
          "type": "icon",
          "assetId": "MOshPqjEhwKE",
          "checksum": "54d7df6637f0659730a8f5608f044bfe"
        },
        {
          "type": "icon",
          "assetId": "gyZOe9j5v6Sj",
          "checksum": "8a9a558ca4250930bc8e22ee6c3b1821"
        },
        {
          "type": "icon",
          "assetId": "ggHb2k1x_-ZC",
          "checksum": "fbd046501810008bdc5f0378fe7d1a03"
        },
        {
          "type": "icon",
          "assetId": "P2BABYKb7JKO",
          "checksum": "5d529ad804eef03ddb9ae143659a59a4"
        },
        {
          "type": "icon",
          "assetId": "V5aco-ZWxhZB",
          "checksum": "bd71690372bf80e5d3952f91208c55dc"
        },
        {
          "type": "icon",
          "assetId": "k1GTYjh5tfBA",
          "checksum": "be64600efb085c7f33be32aa9f1be36f"
        },
        {
          "type": "icon",
          "assetId": "bSpVB1kOekDy",
          "checksum": "c7705acf0e4e68a9cf78d6b772a48b6d"
        },
        {
          "type": "image",
          "assetId": "NnUEFDEdcuHM",
          "checksum": "9e3dfd72be7fae046762d2dc4823d309"
        },
        {
          "type": "image",
          "assetId": "hMDQtqcAF7Ya",
          "checksum": "26b97a77538b5d18cbe6a4630c8291ec"
        },
        {
          "type": "image",
          "assetId": "vm9IVswQU_4n",
          "checksum": "8f73d73af5737591b63afff00fb2f894"
        },
        {
          "type": "image",
          "assetId": "TKsRT4F1HQ_3",
          "checksum": "f9366aa4a02b96941e9134a76fbaaa4d"
        },
        {
          "type": "image",
          "assetId": "_srR3KI2aY6E",
          "checksum": "e2f9026a368f0b4ccd74e076cc889591"
        },
        {
          "type": "image",
          "assetId": "O9YPf_sVGB7o",
          "checksum": "4c6b5436557c61a906d9b2322954bc9b"
        },
        {
          "type": "image",
          "assetId": "F4J0mk3cKuQq",
          "checksum": "f8174317fdec5b680f5cd1d5190eb43e"
        },
        {
          "assetId": "4jNtNf7ennmHcnVPPcPauY",
          "type": "projectCss",
          "checksum": "bbf29a089b6c738e30fef18995f18107"
        }
      ],
      "codegenVersion": "0.0.2"
    },
    {
      "projectId": "caTPwKxj5ZrD9LQ7DMdK4Z",
      "version": "3.47.0",
      "dependencies": {},
      "lang": "ts",
      "fileLocks": [
        {
          "assetId": "caTPwKxj5ZrD9LQ7DMdK4Z",
          "type": "projectCss",
          "checksum": "56a5d447501c0753e4cf451641894e78"
        },
        {
          "assetId": "caTPwKxj5ZrD9LQ7DMdK4Z",
          "checksum": "efdcd613ac98718578f9c563cd75fd38",
          "type": "projectModule"
        },
        {
          "assetId": "caTPwKxj5ZrD9LQ7DMdK4Z",
          "checksum": "da63876a1ab2ffe408f66af115d28c46",
          "type": "styleTokensProvider"
        }
      ],
      "codegenVersion": "0.0.2"
    }
  ],
  "cliVersion": "0.1.348"
}
