{
  "projects": [
    {
      "projectId": "4jNtNf7ennmHcnVPPcPauY",
      "version": "latest",
      "dependencies": {
        "caTPwKxj5ZrD9LQ7DMdK4Z": "3.47.0"
      },
      "lang": "ts",
      "fileLocks": [
        {
          "type": "globalVariant",
          "assetId": "qiMSNbpoGiE9",
          "checksum": "0a554f5b2641bb135bacf195eeefbeb0"
        },
        {
          "assetId": "4jNtNf7ennmHcnVPPcPauY",
          "checksum": "68fb64d6d80945fab600604a5093490a",
          "type": "projectModule"
        },
        {
          "assetId": "4jNtNf7ennmHcnVPPcPauY",
          "checksum": "9c9d8257eaa4114ae9209c4f2fc98327",
          "type": "styleTokensProvider"
        },
        {
          "type": "renderModule",
          "assetId": "vpVHI2O2CRUx",
          "checksum": "00749f8f7e14f705c97e5a2e031de875"
        },
        {
          "type": "cssRules",
          "assetId": "vpVHI2O2CRUx",
          "checksum": "00749f8f7e14f705c97e5a2e031de875"
        },
        {
          "type": "renderModule",
          "assetId": "8MpFhDHD96MB",
          "checksum": "8868e5d48fe682b4fe06255a14a14962"
        },
        {
          "type": "cssRules",
          "assetId": "8MpFhDHD96MB",
          "checksum": "8868e5d48fe682b4fe06255a14a14962"
        },
        {
          "type": "renderModule",
          "assetId": "uogUMQBXCRRV",
          "checksum": "4b4ab497b880b96dd477bb8b608897c6"
        },
        {
          "type": "cssRules",
          "assetId": "uogUMQBXCRRV",
          "checksum": "4b4ab497b880b96dd477bb8b608897c6"
        },
        {
          "type": "renderModule",
          "assetId": "fBRhan40XBYT",
          "checksum": "79550eff7905b4905bf09ff3bccee894"
        },
        {
          "type": "cssRules",
          "assetId": "fBRhan40XBYT",
          "checksum": "79550eff7905b4905bf09ff3bccee894"
        },
        {
          "type": "renderModule",
          "assetId": "4lO7SXttxyIT",
          "checksum": "ddd01b7cb4e78b18e2bd38dde3c0999f"
        },
        {
          "type": "cssRules",
          "assetId": "4lO7SXttxyIT",
          "checksum": "ddd01b7cb4e78b18e2bd38dde3c0999f"
        },
        {
          "type": "renderModule",
          "assetId": "32hGVgiLB7NT",
          "checksum": "aa8717253a759e13398bd4deb02479ac"
        },
        {
          "type": "cssRules",
          "assetId": "32hGVgiLB7NT",
          "checksum": "aa8717253a759e13398bd4deb02479ac"
        },
        {
          "type": "renderModule",
          "assetId": "El0mv80Cdurv",
          "checksum": "ed711fdf5deca4415203bce6cee80391"
        },
        {
          "type": "cssRules",
          "assetId": "El0mv80Cdurv",
          "checksum": "ed711fdf5deca4415203bce6cee80391"
        },
        {
          "type": "renderModule",
          "assetId": "vaodl733Yf-C",
          "checksum": "fca6132da5410f59f6f3abd6498fe86c"
        },
        {
          "type": "cssRules",
          "assetId": "vaodl733Yf-C",
          "checksum": "fca6132da5410f59f6f3abd6498fe86c"
        },
        {
          "type": "renderModule",
          "assetId": "lXMRAHw96I_T",
          "checksum": "0aca06913d40195e68cafd0318c7667a"
        },
        {
          "type": "cssRules",
          "assetId": "lXMRAHw96I_T",
          "checksum": "0aca06913d40195e68cafd0318c7667a"
        },
        {
          "type": "icon",
          "assetId": "582rzEIEG-6Y",
          "checksum": "b0856fbab1974d32955bf0af858085d1"
        },
        {
          "type": "icon",
          "assetId": "S_xim19dJ6XI",
          "checksum": "8f7e2744120c3cdd66dfe739c9f8f595"
        },
        {
          "type": "icon",
          "assetId": "MOshPqjEhwKE",
          "checksum": "54d7df6637f0659730a8f5608f044bfe"
        },
        {
          "type": "icon",
          "assetId": "gyZOe9j5v6Sj",
          "checksum": "8a9a558ca4250930bc8e22ee6c3b1821"
        },
        {
          "type": "icon",
          "assetId": "ggHb2k1x_-ZC",
          "checksum": "fbd046501810008bdc5f0378fe7d1a03"
        },
        {
          "type": "icon",
          "assetId": "P2BABYKb7JKO",
          "checksum": "5d529ad804eef03ddb9ae143659a59a4"
        },
        {
          "type": "icon",
          "assetId": "V5aco-ZWxhZB",
          "checksum": "bd71690372bf80e5d3952f91208c55dc"
        },
        {
          "type": "icon",
          "assetId": "k1GTYjh5tfBA",
          "checksum": "be64600efb085c7f33be32aa9f1be36f"
        },
        {
          "type": "icon",
          "assetId": "bSpVB1kOekDy",
          "checksum": "c7705acf0e4e68a9cf78d6b772a48b6d"
        },
        {
          "type": "image",
          "assetId": "NnUEFDEdcuHM",
          "checksum": "9e3dfd72be7fae046762d2dc4823d309"
        },
        {
          "type": "image",
          "assetId": "hMDQtqcAF7Ya",
          "checksum": "26b97a77538b5d18cbe6a4630c8291ec"
        },
        {
          "type": "image",
          "assetId": "vm9IVswQU_4n",
          "checksum": "8f73d73af5737591b63afff00fb2f894"
        },
        {
          "type": "image",
          "assetId": "TKsRT4F1HQ_3",
          "checksum": "f9366aa4a02b96941e9134a76fbaaa4d"
        },
        {
          "type": "image",
          "assetId": "_srR3KI2aY6E",
          "checksum": "e2f9026a368f0b4ccd74e076cc889591"
        },
        {
          "type": "image",
          "assetId": "O9YPf_sVGB7o",
          "checksum": "4c6b5436557c61a906d9b2322954bc9b"
        },
        {
          "type": "image",
          "assetId": "F4J0mk3cKuQq",
          "checksum": "f8174317fdec5b680f5cd1d5190eb43e"
        },
        {
          "type": "image",
          "assetId": "vxhDBWn4ZH1N",
          "checksum": "dff73aa595de3cf53aca2444a829cc3b"
        },
        {
          "type": "image",
          "assetId": "CW7E4Rau3hM7",
          "checksum": "5e0505ff40c99a3391642a26f5e2b933"
        },
        {
          "type": "image",
          "assetId": "2s61xTcNAO2F",
          "checksum": "e8589905d97e647a9e9a902578c856ae"
        },
        {
          "type": "image",
          "assetId": "Na0yZyKIpnm_",
          "checksum": "806895cbe2d2cf879beadb106313f67a"
        },
        {
          "type": "image",
          "assetId": "SGUm8-4uoL-p",
          "checksum": "faa71f440fe795d0ff6178b7ac323f95"
        },
        {
          "type": "image",
          "assetId": "qlhCH50F-N1Y",
          "checksum": "d833b7df4039e7349ccf4426acb26e5f"
        },
        {
          "type": "icon",
          "assetId": "i3jPzxSOe98G",
          "checksum": "6a7d503f0e616fbccc2547081484902a"
        },
        {
          "type": "renderModule",
          "assetId": "7oFtnP1VA9G_",
          "checksum": "15b88a229c4058ff8261da52c156b4d7"
        },
        {
          "type": "cssRules",
          "assetId": "7oFtnP1VA9G_",
          "checksum": "15b88a229c4058ff8261da52c156b4d7"
        },
        {
          "type": "renderModule",
          "assetId": "dQ3Sxk4fWxOM",
          "checksum": "20ba30d4c7a3c1933b4fe9d3484067f5"
        },
        {
          "type": "cssRules",
          "assetId": "dQ3Sxk4fWxOM",
          "checksum": "20ba30d4c7a3c1933b4fe9d3484067f5"
        },
        {
          "type": "renderModule",
          "assetId": "mwJf7vIwKRcj",
          "checksum": "28da45fe705b3891ef4b8330fa8a7fb0"
        },
        {
          "type": "cssRules",
          "assetId": "mwJf7vIwKRcj",
          "checksum": "28da45fe705b3891ef4b8330fa8a7fb0"
        },
        {
          "type": "icon",
          "assetId": "L9zinInl0nYg",
          "checksum": "827a0390049c05676685cd8293575810"
        },
        {
          "assetId": "4jNtNf7ennmHcnVPPcPauY",
          "type": "projectCss",
          "checksum": "bbf29a089b6c738e30fef18995f18107"
        },
        {
          "type": "icon",
          "assetId": "f6ZpAAdFw3F6",
          "checksum": "099d23f7c0fdb038bf343c33fb1ac2c1"
        },
        {
          "type": "image",
          "assetId": "JZP7PGb7gucU",
          "checksum": "d06dae1f9b7ea175cc2029e513a747df"
        },
        {
          "type": "image",
          "assetId": "JD50jre1sAdf",
          "checksum": "3c7b8e6a80e29e8edc57403640343b05"
        },
        {
          "type": "image",
          "assetId": "Vbb-eV6POItT",
          "checksum": "60c11372caa3bf822d0d78b2e275e477"
        },
        {
          "type": "image",
          "assetId": "3Q1IWwMcO0-K",
          "checksum": "e7a40bb60ddd5caddc6c20c8f1039369"
        },
        {
          "type": "image",
          "assetId": "-CvQxN17rxs1",
          "checksum": "d2c0b6f9a41639658f52cb050c8f7a1e"
        },
        {
          "type": "image",
          "assetId": "qOhKIPCIwrWC",
          "checksum": "b56b21da28c49b25dba10dd1bbe4fff9"
        }
      ],
      "codegenVersion": "0.0.2"
    },
    {
      "projectId": "caTPwKxj5ZrD9LQ7DMdK4Z",
      "version": "3.47.0",
      "dependencies": {},
      "lang": "ts",
      "fileLocks": [
        {
          "assetId": "caTPwKxj5ZrD9LQ7DMdK4Z",
          "type": "projectCss",
          "checksum": "56a5d447501c0753e4cf451641894e78"
        },
        {
          "assetId": "caTPwKxj5ZrD9LQ7DMdK4Z",
          "checksum": "efdcd613ac98718578f9c563cd75fd38",
          "type": "projectModule"
        },
        {
          "assetId": "caTPwKxj5ZrD9LQ7DMdK4Z",
          "checksum": "da63876a1ab2ffe408f66af115d28c46",
          "type": "styleTokensProvider"
        }
      ],
      "codegenVersion": "0.0.2"
    }
  ],
  "cliVersion": "0.1.348"
}
